
Microsoft Visual Studio Solution File, Format Version 12.00
# Visual Studio Version 16
VisualStudioVersion = 16.0.32228.343
MinimumVisualStudioVersion = 10.0.40219.1
Project("{FAE04EC0-301F-11D3-BF4B-00C04F79EFBC}") = "TourAgenstvo", "TourAgenstvo\TourAgenstvo.csproj", "{46C84881-F4D6-459C-ADC5-4C72F620EEBB}"
EndProject
Global
	GlobalSection(SolutionConfigurationPlatforms) = preSolution
		Debug|Any CPU = Debug|Any CPU
		Release|Any CPU = Release|Any CPU
	EndGlobalSection
	GlobalSection(ProjectConfigurationPlatforms) = postSolution
		{46C84881-F4D6-459C-ADC5-4C72F620EEBB}.Debug|Any CPU.ActiveCfg = Debug|Any CPU
		{46C84881-F4D6-459C-ADC5-4C72F620EEBB}.Debug|Any CPU.Build.0 = Debug|Any CPU
		{46C84881-F4D6-459C-ADC5-4C72F620EEBB}.Release|Any CPU.ActiveCfg = Release|Any CPU
		{46C84881-F4D6-459C-ADC5-4C72F620EEBB}.Release|Any CPU.Build.0 = Release|Any CPU
	EndGlobalSection
	GlobalSection(SolutionProperties) = preSolution
		HideSolutionNode = FALSE
	EndGlobalSection
	GlobalSection(ExtensibilityGlobals) = postSolution
		SolutionGuid = {B2562387-5686-4FD5-9364-7A574C18FD2B}
	EndGlobalSection
EndGlobal
